// !$*UTF8*$!
{
	archiveVersion = 1;
	classes = {
	};
	objectVersion = 46;
	objects = {

/* Begin PBXBuildFile section */
		5800CBBF1DD25C0A00DEE58A /* WeatherTableViewCell.swift in Sources */ = {isa = PBXBuildFile; fileRef = 5800CBBE1DD25C0A00DEE58A /* WeatherTableViewCell.swift */; };
		5800CBC11DD25EA600DEE58A /* WeatherTableViewController.swift in Sources */ = {isa = PBXBuildFile; fileRef = 5800CBC01DD25EA600DEE58A /* WeatherTableViewController.swift */; };
		5800CBC31DD26C8900DEE58A /* EditWeatherViewController.swift in Sources */ = {isa = PBXBuildFile; fileRef = 5800CBC21DD26C8900DEE58A /* EditWeatherViewController.swift */; };
		587EA3B61DCA3A420025A234 /* AppDelegate.swift in Sources */ = {isa = PBXBuildFile; fileRef = 587EA3B51DCA3A420025A234 /* AppDelegate.swift */; };
		587EA3BB1DCA3A420025A234 /* Main.storyboard in Resources */ = {isa = PBXBuildFile; fileRef = 587EA3B91DCA3A420025A234 /* Main.storyboard */; };
		587EA3BD1DCA3A420025A234 /* Assets.xcassets in Resources */ = {isa = PBXBuildFile; fileRef = 587EA3BC1DCA3A420025A234 /* Assets.xcassets */; };
		587EA3C01DCA3A420025A234 /* LaunchScreen.storyboard in Resources */ = {isa = PBXBuildFile; fileRef = 587EA3BE1DCA3A420025A234 /* LaunchScreen.storyboard */; };
		58ECC7D91DD21579001A9FFA /* Weather.swift in Sources */ = {isa = PBXBuildFile; fileRef = 58ECC7D81DD21579001A9FFA /* Weather.swift */; };
		B0D92F89D56EAA7B99A9788E /* Pods_iOSRealm.framework in Frameworks */ = {isa = PBXBuildFile; fileRef = 7D661EFF09B3C8D2628FF0B8 /* Pods_iOSRealm.framework */; };
/* End PBXBuildFile section */

/* Begin PBXFileReference section */
		4C328D6CE27FCA3A9A025578 /* Pods-iOSRealm.release.xcconfig */ = {isa = PBXFileReference; includeInIndex = 1; lastKnownFileType = text.xcconfig; name = "Pods-iOSRealm.release.xcconfig"; path = "Pods/Target Support Files/Pods-iOSRealm/Pods-iOSRealm.release.xcconfig"; sourceTree = "<group>"; };
		5800CBBE1DD25C0A00DEE58A /* WeatherTableViewCell.swift */ = {isa = PBXFileReference; fileEncoding = 4; lastKnownFileType = sourcecode.swift; path = WeatherTableViewCell.swift; sourceTree = "<group>"; };
		5800CBC01DD25EA600DEE58A /* WeatherTableViewController.swift */ = {isa = PBXFileReference; fileEncoding = 4; lastKnownFileType = sourcecode.swift; name = WeatherTableViewController.swift; path = /Users/nielsbokmans/Desktop/iOSRealm/iOSRealm/WeatherTableViewController.swift; sourceTree = "<absolute>"; };
		5800CBC21DD26C8900DEE58A /* EditWeatherViewController.swift */ = {isa = PBXFileReference; fileEncoding = 4; lastKnownFileType = sourcecode.swift; path = EditWeatherViewController.swift; sourceTree = "<group>"; };
		587EA3B21DCA3A420025A234 /* iOSRealm.app */ = {isa = PBXFileReference; explicitFileType = wrapper.application; includeInIndex = 0; path = iOSRealm.app; sourceTree = BUILT_PRODUCTS_DIR; };
		587EA3B51DCA3A420025A234 /* AppDelegate.swift */ = {isa = PBXFileReference; lastKnownFileType = sourcecode.swift; path = AppDelegate.swift; sourceTree = "<group>"; };
		587EA3BA1DCA3A420025A234 /* Base */ = {isa = PBXFileReference; lastKnownFileType = file.storyboard; name = Base; path = Base.lproj/Main.storyboard; sourceTree = "<group>"; };
		587EA3BC1DCA3A420025A234 /* Assets.xcassets */ = {isa = PBXFileReference; lastKnownFileType = folder.assetcatalog; path = Assets.xcassets; sourceTree = "<group>"; };
		587EA3BF1DCA3A420025A234 /* Base */ = {isa = PBXFileReference; lastKnownFileType = file.storyboard; name = Base; path = Base.lproj/LaunchScreen.storyboard; sourceTree = "<group>"; };
		587EA3C11DCA3A420025A234 /* Info.plist */ = {isa = PBXFileReference; lastKnownFileType = text.plist.xml; path = Info.plist; sourceTree = "<group>"; };
		58ECC7D81DD21579001A9FFA /* Weather.swift */ = {isa = PBXFileReference; fileEncoding = 4; lastKnownFileType = sourcecode.swift; path = Weather.swift; sourceTree = "<group>"; };
		7D661EFF09B3C8D2628FF0B8 /* Pods_iOSRealm.framework */ = {isa = PBXFileReference; explicitFileType = wrapper.framework; includeInIndex = 0; name = Pods_iOSRealm.framework; path = "../../Library/Developer/Xcode/DerivedData/iOSRealm-arxaweyovtvkhbhjnqriivnlwpld/Build/Products/Debug-iphoneos/Pods_iOSRealm.framework"; sourceTree = "<group>"; };
		9E2F9CF76767BFCF87BFA932 /* Pods-iOSRealm.debug.xcconfig */ = {isa = PBXFileReference; includeInIndex = 1; lastKnownFileType = text.xcconfig; name = "Pods-iOSRealm.debug.xcconfig"; path = "Pods/Target Support Files/Pods-iOSRealm/Pods-iOSRealm.debug.xcconfig"; sourceTree = "<group>"; };
/* End PBXFileReference section */

/* Begin PBXFrameworksBuildPhase section */
		587EA3AF1DCA3A420025A234 /* Frameworks */ = {
			isa = PBXFrameworksBuildPhase;
			buildActionMask = 2147483647;
			files = (
				B0D92F89D56EAA7B99A9788E /* Pods_iOSRealm.framework in Frameworks */,
			);
			runOnlyForDeploymentPostprocessing = 0;
		};
/* End PBXFrameworksBuildPhase section */

/* Begin PBXGroup section */
		587EA3A91DCA3A420025A234 = {
			isa = PBXGroup;
			children = (
				587EA3B41DCA3A420025A234 /* iOSRealm */,
				587EA3B31DCA3A420025A234 /* Products */,
				C4D4BEF28B4562B7BCF94CF9 /* Pods */,
				F46BF9C158BCC53F73E4B2A3 /* Frameworks */,
			);
			sourceTree = "<group>";
		};
		587EA3B31DCA3A420025A234 /* Products */ = {
			isa = PBXGroup;
			children = (
				587EA3B21DCA3A420025A234 /* iOSRealm.app */,
			);
			name = Products;
			sourceTree = "<group>";
		};
		587EA3B41DCA3A420025A234 /* iOSRealm */ = {
			isa = PBXGroup;
			children = (
				58ECC7D71DD21555001A9FFA /* Models */,
				587EA3B51DCA3A420025A234 /* AppDelegate.swift */,
				5800CBC01DD25EA600DEE58A /* WeatherTableViewController.swift */,
				587EA3B91DCA3A420025A234 /* Main.storyboard */,
				5800CBBE1DD25C0A00DEE58A /* WeatherTableViewCell.swift */,
				587EA3BC1DCA3A420025A234 /* Assets.xcassets */,
				587EA3BE1DCA3A420025A234 /* LaunchScreen.storyboard */,
				587EA3C11DCA3A420025A234 /* Info.plist */,
				5800CBC21DD26C8900DEE58A /* EditWeatherViewController.swift */,
			);
			path = iOSRealm;
			sourceTree = "<group>";
		};
		58ECC7D71DD21555001A9FFA /* Models */ = {
			isa = PBXGroup;
			children = (
				58ECC7D81DD21579001A9FFA /* Weather.swift */,
			);
			name = Models;
			sourceTree = "<group>";
		};
		C4D4BEF28B4562B7BCF94CF9 /* Pods */ = {
			isa = PBXGroup;
			children = (
				9E2F9CF76767BFCF87BFA932 /* Pods-iOSRealm.debug.xcconfig */,
				4C328D6CE27FCA3A9A025578 /* Pods-iOSRealm.release.xcconfig */,
			);
			name = Pods;
			sourceTree = "<group>";
		};
		F46BF9C158BCC53F73E4B2A3 /* Frameworks */ = {
			isa = PBXGroup;
			children = (
				7D661EFF09B3C8D2628FF0B8 /* Pods_iOSRealm.framework */,
			);
			name = Frameworks;
			sourceTree = "<group>";
		};
/* End PBXGroup section */

/* Begin PBXNativeTarget section */
		587EA3B11DCA3A420025A234 /* iOSRealm */ = {
			isa = PBXNativeTarget;
			buildConfigurationList = 587EA3C41DCA3A420025A234 /* Build configuration list for PBXNativeTarget "iOSRealm" */;
			buildPhases = (
				311FBBDB4A88CC531AE1D8F8 /* [CP] Check Pods Manifest.lock */,
				587EA3AE1DCA3A420025A234 /* Sources */,
				587EA3AF1DCA3A420025A234 /* Frameworks */,
				587EA3B01DCA3A420025A234 /* Resources */,
				E49FC6F4826B7D47CC8EFB94 /* [CP] Embed Pods Frameworks */,
				664D1A3DFEF1253F14695924 /* [CP] Copy Pods Resources */,
			);
			buildRules = (
			);
			dependencies = (
			);
			name = iOSRealm;
			productName = iOSRealm;
			productReference = 587EA3B21DCA3A420025A234 /* iOSRealm.app */;
			productType = "com.apple.product-type.application";
		};
/* End PBXNativeTarget section */

/* Begin PBXProject section */
		587EA3AA1DCA3A420025A234 /* Project object */ = {
			isa = PBXProject;
			attributes = {
				LastSwiftUpdateCheck = 0730;
				LastUpgradeCheck = 0730;
				ORGANIZATIONNAME = "Niels Bokmans";
				TargetAttributes = {
					587EA3B11DCA3A420025A234 = {
						CreatedOnToolsVersion = 7.3.1;
					};
				};
			};
			buildConfigurationList = 587EA3AD1DCA3A420025A234 /* Build configuration list for PBXProject "iOSRealm" */;
			compatibilityVersion = "Xcode 3.2";
			developmentRegion = English;
			hasScannedForEncodings = 0;
			knownRegions = (
				en,
				Base,
			);
			mainGroup = 587EA3A91DCA3A420025A234;
			productRefGroup = 587EA3B31DCA3A420025A234 /* Products */;
			projectDirPath = "";
			projectRoot = "";
			targets = (
				587EA3B11DCA3A420025A234 /* iOSRealm */,
			);
		};
/* End PBXProject section */

/* Begin PBXResourcesBuildPhase section */
		587EA3B01DCA3A420025A234 /* Resources */ = {
			isa = PBXResourcesBuildPhase;
			buildActionMask = 2147483647;
			files = (
				587EA3C01DCA3A420025A234 /* LaunchScreen.storyboard in Resources */,
				587EA3BD1DCA3A420025A234 /* Assets.xcassets in Resources */,
				587EA3BB1DCA3A420025A234 /* Main.storyboard in Resources */,
			);
			runOnlyForDeploymentPostprocessing = 0;
		};
/* End PBXResourcesBuildPhase section */

/* Begin PBXShellScriptBuildPhase section */
		311FBBDB4A88CC531AE1D8F8 /* [CP] Check Pods Manifest.lock */ = {
			isa = PBXShellScriptBuildPhase;
			buildActionMask = 2147483647;
			files = (
			);
			inputPaths = (
			);
			name = "[CP] Check Pods Manifest.lock";
			outputPaths = (
			);
			runOnlyForDeploymentPostprocessing = 0;
			shellPath = /bin/sh;
			shellScript = "diff \"${PODS_ROOT}/../Podfile.lock\" \"${PODS_ROOT}/Manifest.lock\" > /dev/null\nif [ $? != 0 ] ; then\n    # print error to STDERR\n    echo \"error: The sandbox is not in sync with the Podfile.lock. Run 'pod install' or update your CocoaPods installation.\" >&2\n    exit 1\nfi\n";
			showEnvVarsInLog = 0;
		};
		664D1A3DFEF1253F14695924 /* [CP] Copy Pods Resources */ = {
			isa = PBXShellScriptBuildPhase;
			buildActionMask = 2147483647;
			files = (
			);
			inputPaths = (
			);
			name = "[CP] Copy Pods Resources";
			outputPaths = (
			);
			runOnlyForDeploymentPostprocessing = 0;
			shellPath = /bin/sh;
			shellScript = "\"${SRCROOT}/Pods/Target Support Files/Pods-iOSRealm/Pods-iOSRealm-resources.sh\"\n";
			showEnvVarsInLog = 0;
		};
		E49FC6F4826B7D47CC8EFB94 /* [CP] Embed Pods Frameworks */ = {
			isa = PBXShellScriptBuildPhase;
			buildActionMask = 2147483647;
			files = (
			);
			inputPaths = (
			);
			name = "[CP] Embed Pods Frameworks";
			outputPaths = (
			);
			runOnlyForDeploymentPostprocessing = 0;
			shellPath = /bin/sh;
			shellScript = "\"${SRCROOT}/Pods/Target Support Files/Pods-iOSRealm/Pods-iOSRealm-frameworks.sh\"\n";
			showEnvVarsInLog = 0;
		};
/* End PBXShellScriptBuildPhase section */

/* Begin PBXSourcesBuildPhase section */
		587EA3AE1DCA3A420025A234 /* Sources */ = {
			isa = PBXSourcesBuildPhase;
			buildActionMask = 2147483647;
			files = (
				5800CBC31DD26C8900DEE58A /* EditWeatherViewController.swift in Sources */,
				5800CBBF1DD25C0A00DEE58A /* WeatherTableViewCell.swift in Sources */,
				5800CBC11DD25EA600DEE58A /* WeatherTableViewController.swift in Sources */,
				58ECC7D91DD21579001A9FFA /* Weather.swift in Sources */,
				587EA3B61DCA3A420025A234 /* AppDelegate.swift in Sources */,
			);
			runOnlyForDeploymentPostprocessing = 0;
		};
/* End PBXSourcesBuildPhase section */

/* Begin PBXVariantGroup section */
		587EA3B91DCA3A420025A234 /* Main.storyboard */ = {
			isa = PBXVariantGroup;
			children = (
				587EA3BA1DCA3A420025A234 /* Base */,
			);
			name = Main.storyboard;
			sourceTree = "<group>";
		};
		587EA3BE1DCA3A420025A234 /* LaunchScreen.storyboard */ = {
			isa = PBXVariantGroup;
			children = (
				587EA3BF1DCA3A420025A234 /* Base */,
			);
			name = LaunchScreen.storyboard;
			sourceTree = "<group>";
		};
/* End PBXVariantGroup section */

/* Begin XCBuildConfiguration section */
		587EA3C21DCA3A420025A234 /* Debug */ = {
			isa = XCBuildConfiguration;
			buildSettings = {
				ALWAYS_SEARCH_USER_PATHS = NO;
				CLANG_ANALYZER_NONNULL = YES;
				CLANG_CXX_LANGUAGE_STANDARD = "gnu++0x";
				CLANG_CXX_LIBRARY = "libc++";
				CLANG_ENABLE_MODULES = YES;
				CLANG_ENABLE_OBJC_ARC = YES;
				CLANG_WARN_BOOL_CONVERSION = YES;
				CLANG_WARN_CONSTANT_CONVERSION = YES;
				CLANG_WARN_DIRECT_OBJC_ISA_USAGE = YES_ERROR;
				CLANG_WARN_EMPTY_BODY = YES;
				CLANG_WARN_ENUM_CONVERSION = YES;
				CLANG_WARN_INT_CONVERSION = YES;
				CLANG_WARN_OBJC_ROOT_CLASS = YES_ERROR;
				CLANG_WARN_UNREACHABLE_CODE = YES;
				CLANG_WARN__DUPLICATE_METHOD_MATCH = YES;
				"CODE_SIGN_IDENTITY[sdk=iphoneos*]" = "iPhone Developer";
				COPY_PHASE_STRIP = NO;
				DEBUG_INFORMATION_FORMAT = dwarf;
				ENABLE_STRICT_OBJC_MSGSEND = YES;
				ENABLE_TESTABILITY = YES;
				GCC_C_LANGUAGE_STANDARD = gnu99;
				GCC_DYNAMIC_NO_PIC = NO;
				GCC_NO_COMMON_BLOCKS = YES;
				GCC_OPTIMIZATION_LEVEL = 0;
				GCC_PREPROCESSOR_DEFINITIONS = (
					"DEBUG=1",
					"$(inherited)",
				);
				GCC_WARN_64_TO_32_BIT_CONVERSION = YES;
				GCC_WARN_ABOUT_RETURN_TYPE = YES_ERROR;
				GCC_WARN_UNDECLARED_SELECTOR = YES;
				GCC_WARN_UNINITIALIZED_AUTOS = YES_AGGRESSIVE;
				GCC_WARN_UNUSED_FUNCTION = YES;
				GCC_WARN_UNUSED_VARIABLE = YES;
				IPHONEOS_DEPLOYMENT_TARGET = 9.3;
				MTL_ENABLE_DEBUG_INFO = YES;
				ONLY_ACTIVE_ARCH = YES;
				SDKROOT = iphoneos;
				SWIFT_OPTIMIZATION_LEVEL = "-Onone";
				TARGETED_DEVICE_FAMILY = "1,2";
			};
			name = Debug;
		};
		587EA3C31DCA3A420025A234 /* Release */ = {
			isa = XCBuildConfiguration;
			buildSettings = {
				ALWAYS_SEARCH_USER_PATHS = NO;
				CLANG_ANALYZER_NONNULL = YES;
				CLANG_CXX_LANGUAGE_STANDARD = "gnu++0x";
				CLANG_CXX_LIBRARY = "libc++";
				CLANG_ENABLE_MODULES = YES;
				CLANG_ENABLE_OBJC_ARC = YES;
				CLANG_WARN_BOOL_CONVERSION = YES;
				CLANG_WARN_CONSTANT_CONVERSION = YES;
				CLANG_WARN_DIRECT_OBJC_ISA_USAGE = YES_ERROR;
				CLANG_WARN_EMPTY_BODY = YES;
				CLANG_WARN_ENUM_CONVERSION = YES;
				CLANG_WARN_INT_CONVERSION = YES;
				CLANG_WARN_OBJC_ROOT_CLASS = YES_ERROR;
				CLANG_WARN_UNREACHABLE_CODE = YES;
				CLANG_WARN__DUPLICATE_METHOD_MATCH = YES;
				"CODE_SIGN_IDENTITY[sdk=iphoneos*]" = "iPhone Developer";
				COPY_PHASE_STRIP = NO;
				DEBUG_INFORMATION_FORMAT = "dwarf-with-dsym";
				ENABLE_NS_ASSERTIONS = NO;
				ENABLE_STRICT_OBJC_MSGSEND = YES;
				GCC_C_LANGUAGE_STANDARD = gnu99;
				GCC_NO_COMMON_BLOCKS = YES;
				GCC_WARN_64_TO_32_BIT_CONVERSION = YES;
				GCC_WARN_ABOUT_RETURN_TYPE = YES_ERROR;
				GCC_WARN_UNDECLARED_SELECTOR = YES;
				GCC_WARN_UNINITIALIZED_AUTOS = YES_AGGRESSIVE;
				GCC_WARN_UNUSED_FUNCTION = YES;
				GCC_WARN_UNUSED_VARIABLE = YES;
				IPHONEOS_DEPLOYMENT_TARGET = 9.3;
				MTL_ENABLE_DEBUG_INFO = NO;
				SDKROOT = iphoneos;
				TARGETED_DEVICE_FAMILY = "1,2";
				VALIDATE_PRODUCT = YES;
			};
			name = Release;
		};
		587EA3C51DCA3A420025A234 /* Debug */ = {
			isa = XCBuildConfiguration;
			baseConfigurationReference = 9E2F9CF76767BFCF87BFA932 /* Pods-iOSRealm.debug.xcconfig */;
			buildSettings = {
				ASSETCATALOG_COMPILER_APPICON_NAME = AppIcon;
				INFOPLIST_FILE = iOSRealm/Info.plist;
				LD_RUNPATH_SEARCH_PATHS = "$(inherited) @executable_path/Frameworks";
				PRODUCT_BUNDLE_IDENTIFIER = nl.han.mad.523883.iOSRealm;
				PRODUCT_NAME = "$(TARGET_NAME)";
			};
			name = Debug;
		};
		587EA3C61DCA3A420025A234 /* Release */ = {
			isa = XCBuildConfiguration;
			baseConfigurationReference = 4C328D6CE27FCA3A9A025578 /* Pods-iOSRealm.release.xcconfig */;
			buildSettings = {
				ASSETCATALOG_COMPILER_APPICON_NAME = AppIcon;
				INFOPLIST_FILE = iOSRealm/Info.plist;
				LD_RUNPATH_SEARCH_PATHS = "$(inherited) @executable_path/Frameworks";
				PRODUCT_BUNDLE_IDENTIFIER = nl.han.mad.523883.iOSRealm;
				PRODUCT_NAME = "$(TARGET_NAME)";
			};
			name = Release;
		};
/* End XCBuildConfiguration section */

/* Begin XCConfigurationList section */
		587EA3AD1DCA3A420025A234 /* Build configuration list for PBXProject "iOSRealm" */ = {
			isa = XCConfigurationList;
			buildConfigurations = (
				587EA3C21DCA3A420025A234 /* Debug */,
				587EA3C31DCA3A420025A234 /* Release */,
			);
			defaultConfigurationIsVisible = 0;
			defaultConfigurationName = Release;
		};
		587EA3C41DCA3A420025A234 /* Build configuration list for PBXNativeTarget "iOSRealm" */ = {
			isa = XCConfigurationList;
			buildConfigurations = (
				587EA3C51DCA3A420025A234 /* Debug */,
				587EA3C61DCA3A420025A234 /* Release */,
			);
			defaultConfigurationIsVisible = 0;
			defaultConfigurationName = Release;
		};
/* End XCConfigurationList section */
	};
	rootObject = 587EA3AA1DCA3A420025A234 /* Project object */;
}
